
Microsoft Visual Studio Solution File, Format Version 12.00
# Visual Studio 14
VisualStudioVersion = 14.0.25420.1
MinimumVisualStudioVersion = 10.0.40219.1
Project("{2150E333-8FDC-42A3-9474-1A3956D46DE8}") = "01_Libraries", "01_Libraries", "{4EACED7C-3BF4-488D-813F-7D481122A21C}"
EndProject
Project("{2150E333-8FDC-42A3-9474-1A3956D46DE8}") = "02_Platforms", "02_Platforms", "{CFB2D176-40FA-4D97-80ED-2C43B3552E68}"
EndProject
Project("{2150E333-8FDC-42A3-9474-1A3956D46DE8}") = "Win2D", "Win2D", "{E37CC7AB-090B-410B-8017-3DC57780FA8E}"
EndProject
Project("{2150E333-8FDC-42A3-9474-1A3956D46DE8}") = "00_Misc", "00_Misc", "{6431B21D-D031-4E1F-99DC-8343B030A050}"
	ProjectSection(SolutionItems) = preProject
		.gitattributes = .gitattributes
		.gitignore = .gitignore
		ChangeLog.md = ChangeLog.md
		README.md = README.md
	EndProjectSection
EndProject
Project("{2150E333-8FDC-42A3-9474-1A3956D46DE8}") = "03_Examples", "03_Examples", "{8DE41EC4-BEFD-4837-B2B1-352A66ABDF75}"
EndProject
Project("{2150E333-8FDC-42A3-9474-1A3956D46DE8}") = "StarterProject", "StarterProject", "{B033AC07-53C2-4F0B-B6B1-812EB7D36CCC}"
EndProject
Project("{2150E333-8FDC-42A3-9474-1A3956D46DE8}") = "Snake", "Snake", "{4A49FF3D-25BC-49EF-AC19-970B4C95C5D2}"
EndProject
Project("{D954291E-2A0B-460D-934E-DC6B0785DB48}") = "Snake", "SampleGames\Snake\Snake.shproj", "{7A8507B4-DB2C-453E-A72B-2384175BDFF1}"
EndProject
Project("{FAE04EC0-301F-11D3-BF4B-00C04F79EFBC}") = "Snake.Windows", "SampleGames\Snake\Platforms\Windows\Snake.Windows.csproj", "{F1046DE6-C3F6-4838-B9E1-2FF67292730E}"
EndProject
Project("{2150E333-8FDC-42A3-9474-1A3956D46DE8}") = "Castle", "Castle", "{695BDDEB-51D5-486E-84F4-9031786775B7}"
EndProject
Project("{D954291E-2A0B-460D-934E-DC6B0785DB48}") = "Castle", "SampleGames\Castle\Castle.shproj", "{BD5D2B21-2CD6-448D-ACD7-5B90DA247250}"
EndProject
Project("{FAE04EC0-301F-11D3-BF4B-00C04F79EFBC}") = "Castle.Windows", "SampleGames\Castle\Platforms\Windows\Castle.Windows.csproj", "{99EB89B5-BAB6-47CB-899D-55653FC2B8DC}"
EndProject
Project("{2150E333-8FDC-42A3-9474-1A3956D46DE8}") = "SadRogueSharp", "SadRogueSharp", "{DC197B17-EB75-437F-BFE2-10DD8F813B20}"
EndProject
Project("{FAE04EC0-301F-11D3-BF4B-00C04F79EFBC}") = "SadRogueSharp", "SampleGames\SadRogueSharp\SadRogueSharp.csproj", "{3B1C8085-CFD3-4C8F-8B32-891F4E921376}"
EndProject
Project("{D954291E-2A0B-460D-934E-DC6B0785DB48}") = "SadConsole.Ansi", "src\SadConsole.Ansi\SadConsole.Ansi.shproj", "{5FE599B4-4B47-46E7-931B-B01C2CAE40D4}"
EndProject
Project("{D954291E-2A0B-460D-934E-DC6B0785DB48}") = "SadConsole.Controls", "src\SadConsole.Controls\SadConsole.Controls.shproj", "{25C2DBD3-8AC1-4163-A29A-A7F756FA4A5F}"
EndProject
Project("{D954291E-2A0B-460D-934E-DC6B0785DB48}") = "SadConsole.GameHelpers", "src\SadConsole.GameHelpers\SadConsole.GameHelpers.shproj", "{00CC441C-44BB-4B15-BABD-6831B65C31D8}"
EndProject
Project("{D954291E-2A0B-460D-934E-DC6B0785DB48}") = "SadConsole.Core", "src\SadConsole.Core\SadConsole.Core.shproj", "{BDDF43CD-1BDE-472A-A3D9-A003A6BF14D9}"
EndProject
Project("{D954291E-2A0B-460D-934E-DC6B0785DB48}") = "StarterProject", "src\StarterProject\SharedCode\StarterProject.shproj", "{B41A356C-4BA6-40CC-AC03-0E5D46B0B981}"
EndProject
Project("{FAE04EC0-301F-11D3-BF4B-00C04F79EFBC}") = "StarterProject.Windows", "src\StarterProject\MonoGameDX\StarterProject.Windows.csproj", "{74327CCC-4606-40B8-9587-60E55B1D6A80}"
EndProject
Project("{2150E333-8FDC-42A3-9474-1A3956D46DE8}") = "Artemis", "Artemis", "{E4F1F217-99D8-4A19-B19E-AEC2B08D0C1C}"
EndProject
Project("{FAE04EC0-301F-11D3-BF4B-00C04F79EFBC}") = "SadConsoleArtemis", "src\ArtemisStarter\SadConsoleArtemis.csproj", "{664E8FDF-7382-49C5-ABE7-6186A5414FE4}"
EndProject
Project("{FAE04EC0-301F-11D3-BF4B-00C04F79EFBC}") = "SadConsoleEditorUWP", "SadConsoleEditorUWP\SadConsoleEditorUWP.csproj", "{F1C9CE5E-C86B-479B-B3DC-C38DA5F7247C}"
EndProject
Project("{FAE04EC0-301F-11D3-BF4B-00C04F79EFBC}") = "SadConsole.Core.Win2D", "src\Projects.Win2D\SadConsole.Core.Win2D\SadConsole.Core.Win2D.csproj", "{96943F0C-10D9-48EC-A84A-AD4EFF6EEB79}"
EndProject
Global
	GlobalSection(SharedMSBuildProjectFiles) = preSolution
		src\SadConsole.GameHelpers\SadConsole.GameHelpers.projitems*{00cc441c-44bb-4b15-babd-6831b65c31d8}*SharedItemsImports = 13
		src\SadConsole.Controls\SadConsole.Controls.projitems*{25c2dbd3-8ac1-4163-a29a-a7f756fa4a5f}*SharedItemsImports = 13
		src\SadConsole.Ansi\SadConsole.Ansi.projitems*{5fe599b4-4b47-46e7-931b-b01c2cae40d4}*SharedItemsImports = 13
		src\StarterProject\SharedCode\StarterProject.projitems*{74327ccc-4606-40b8-9587-60e55b1d6a80}*SharedItemsImports = 4
		SampleGames\Snake\Snake.projitems*{7a8507b4-db2c-453e-a72b-2384175bdff1}*SharedItemsImports = 13
		src\SadConsole.Core\SadConsole.Core.projitems*{96943f0c-10d9-48ec-a84a-ad4eff6eeb79}*SharedItemsImports = 4
		SampleGames\Castle\Castle.projitems*{99eb89b5-bab6-47cb-899d-55653fc2b8dc}*SharedItemsImports = 4
		src\StarterProject\SharedCode\StarterProject.projitems*{b41a356c-4ba6-40cc-ac03-0e5d46b0b981}*SharedItemsImports = 13
		SampleGames\Castle\Castle.projitems*{bd5d2b21-2cd6-448d-acd7-5b90da247250}*SharedItemsImports = 13
		src\SadConsole.Core\SadConsole.Core.projitems*{bddf43cd-1bde-472a-a3d9-a003a6bf14d9}*SharedItemsImports = 13
		SampleGames\Snake\Snake.projitems*{f1046de6-c3f6-4838-b9e1-2ff67292730e}*SharedItemsImports = 4
	EndGlobalSection
	GlobalSection(SolutionConfigurationPlatforms) = preSolution
		Debug|Any CPU = Debug|Any CPU
		Debug|ARM = Debug|ARM
		Debug|Linux = Debug|Linux
		Debug|MacOS = Debug|MacOS
		Debug|Windows = Debug|Windows
		Debug|x64 = Debug|x64
		Debug|x86 = Debug|x86
		DebugBuild|Any CPU = DebugBuild|Any CPU
		DebugBuild|ARM = DebugBuild|ARM
		DebugBuild|Linux = DebugBuild|Linux
		DebugBuild|MacOS = DebugBuild|MacOS
		DebugBuild|Windows = DebugBuild|Windows
		DebugBuild|x64 = DebugBuild|x64
		DebugBuild|x86 = DebugBuild|x86
		Release|Any CPU = Release|Any CPU
		Release|ARM = Release|ARM
		Release|Linux = Release|Linux
		Release|MacOS = Release|MacOS
		Release|Windows = Release|Windows
		Release|x64 = Release|x64
		Release|x86 = Release|x86
		ReleaseBuild|Any CPU = ReleaseBuild|Any CPU
		ReleaseBuild|ARM = ReleaseBuild|ARM
		ReleaseBuild|Linux = ReleaseBuild|Linux
		ReleaseBuild|MacOS = ReleaseBuild|MacOS
		ReleaseBuild|Windows = ReleaseBuild|Windows
		ReleaseBuild|x64 = ReleaseBuild|x64
		ReleaseBuild|x86 = ReleaseBuild|x86
	EndGlobalSection
	GlobalSection(ProjectConfigurationPlatforms) = postSolution
		{F1046DE6-C3F6-4838-B9E1-2FF67292730E}.Debug|Any CPU.ActiveCfg = Debug|Any CPU
		{F1046DE6-C3F6-4838-B9E1-2FF67292730E}.Debug|Any CPU.Build.0 = Debug|Any CPU
		{F1046DE6-C3F6-4838-B9E1-2FF67292730E}.Debug|ARM.ActiveCfg = Debug|Any CPU
		{F1046DE6-C3F6-4838-B9E1-2FF67292730E}.Debug|ARM.Build.0 = Debug|Any CPU
		{F1046DE6-C3F6-4838-B9E1-2FF67292730E}.Debug|Linux.ActiveCfg = Debug|Any CPU
		{F1046DE6-C3F6-4838-B9E1-2FF67292730E}.Debug|Linux.Build.0 = Debug|Any CPU
		{F1046DE6-C3F6-4838-B9E1-2FF67292730E}.Debug|MacOS.ActiveCfg = Debug|Any CPU
		{F1046DE6-C3F6-4838-B9E1-2FF67292730E}.Debug|MacOS.Build.0 = Debug|Any CPU
		{F1046DE6-C3F6-4838-B9E1-2FF67292730E}.Debug|Windows.ActiveCfg = Debug|Any CPU
		{F1046DE6-C3F6-4838-B9E1-2FF67292730E}.Debug|Windows.Build.0 = Debug|Any CPU
		{F1046DE6-C3F6-4838-B9E1-2FF67292730E}.Debug|x64.ActiveCfg = Debug|Any CPU
		{F1046DE6-C3F6-4838-B9E1-2FF67292730E}.Debug|x64.Build.0 = Debug|Any CPU
		{F1046DE6-C3F6-4838-B9E1-2FF67292730E}.Debug|x86.ActiveCfg = Debug|Any CPU
		{F1046DE6-C3F6-4838-B9E1-2FF67292730E}.Debug|x86.Build.0 = Debug|Any CPU
		{F1046DE6-C3F6-4838-B9E1-2FF67292730E}.DebugBuild|Any CPU.ActiveCfg = DebugBuild|Any CPU
		{F1046DE6-C3F6-4838-B9E1-2FF67292730E}.DebugBuild|Any CPU.Build.0 = DebugBuild|Any CPU
		{F1046DE6-C3F6-4838-B9E1-2FF67292730E}.DebugBuild|ARM.ActiveCfg = DebugBuild|Any CPU
		{F1046DE6-C3F6-4838-B9E1-2FF67292730E}.DebugBuild|ARM.Build.0 = DebugBuild|Any CPU
		{F1046DE6-C3F6-4838-B9E1-2FF67292730E}.DebugBuild|Linux.ActiveCfg = DebugBuild|Any CPU
		{F1046DE6-C3F6-4838-B9E1-2FF67292730E}.DebugBuild|Linux.Build.0 = DebugBuild|Any CPU
		{F1046DE6-C3F6-4838-B9E1-2FF67292730E}.DebugBuild|MacOS.ActiveCfg = DebugBuild|Any CPU
		{F1046DE6-C3F6-4838-B9E1-2FF67292730E}.DebugBuild|MacOS.Build.0 = DebugBuild|Any CPU
		{F1046DE6-C3F6-4838-B9E1-2FF67292730E}.DebugBuild|Windows.ActiveCfg = DebugBuild|Any CPU
		{F1046DE6-C3F6-4838-B9E1-2FF67292730E}.DebugBuild|Windows.Build.0 = DebugBuild|Any CPU
		{F1046DE6-C3F6-4838-B9E1-2FF67292730E}.DebugBuild|x64.ActiveCfg = DebugBuild|Any CPU
		{F1046DE6-C3F6-4838-B9E1-2FF67292730E}.DebugBuild|x64.Build.0 = DebugBuild|Any CPU
		{F1046DE6-C3F6-4838-B9E1-2FF67292730E}.DebugBuild|x86.ActiveCfg = DebugBuild|Any CPU
		{F1046DE6-C3F6-4838-B9E1-2FF67292730E}.DebugBuild|x86.Build.0 = DebugBuild|Any CPU
		{F1046DE6-C3F6-4838-B9E1-2FF67292730E}.Release|Any CPU.ActiveCfg = Release|Any CPU
		{F1046DE6-C3F6-4838-B9E1-2FF67292730E}.Release|Any CPU.Build.0 = Release|Any CPU
		{F1046DE6-C3F6-4838-B9E1-2FF67292730E}.Release|ARM.ActiveCfg = Release|Any CPU
		{F1046DE6-C3F6-4838-B9E1-2FF67292730E}.Release|ARM.Build.0 = Release|Any CPU
		{F1046DE6-C3F6-4838-B9E1-2FF67292730E}.Release|Linux.ActiveCfg = Release|Any CPU
		{F1046DE6-C3F6-4838-B9E1-2FF67292730E}.Release|Linux.Build.0 = Release|Any CPU
		{F1046DE6-C3F6-4838-B9E1-2FF67292730E}.Release|MacOS.ActiveCfg = Release|Any CPU
		{F1046DE6-C3F6-4838-B9E1-2FF67292730E}.Release|MacOS.Build.0 = Release|Any CPU
		{F1046DE6-C3F6-4838-B9E1-2FF67292730E}.Release|Windows.ActiveCfg = Release|Any CPU
		{F1046DE6-C3F6-4838-B9E1-2FF67292730E}.Release|Windows.Build.0 = Release|Any CPU
		{F1046DE6-C3F6-4838-B9E1-2FF67292730E}.Release|x64.ActiveCfg = Release|Any CPU
		{F1046DE6-C3F6-4838-B9E1-2FF67292730E}.Release|x64.Build.0 = Release|Any CPU
		{F1046DE6-C3F6-4838-B9E1-2FF67292730E}.Release|x86.ActiveCfg = Release|Any CPU
		{F1046DE6-C3F6-4838-B9E1-2FF67292730E}.Release|x86.Build.0 = Release|Any CPU
		{F1046DE6-C3F6-4838-B9E1-2FF67292730E}.ReleaseBuild|Any CPU.ActiveCfg = ReleaseBuild|Any CPU
		{F1046DE6-C3F6-4838-B9E1-2FF67292730E}.ReleaseBuild|Any CPU.Build.0 = ReleaseBuild|Any CPU
		{F1046DE6-C3F6-4838-B9E1-2FF67292730E}.ReleaseBuild|ARM.ActiveCfg = ReleaseBuild|Any CPU
		{F1046DE6-C3F6-4838-B9E1-2FF67292730E}.ReleaseBuild|ARM.Build.0 = ReleaseBuild|Any CPU
		{F1046DE6-C3F6-4838-B9E1-2FF67292730E}.ReleaseBuild|Linux.ActiveCfg = ReleaseBuild|Any CPU
		{F1046DE6-C3F6-4838-B9E1-2FF67292730E}.ReleaseBuild|Linux.Build.0 = ReleaseBuild|Any CPU
		{F1046DE6-C3F6-4838-B9E1-2FF67292730E}.ReleaseBuild|MacOS.ActiveCfg = ReleaseBuild|Any CPU
		{F1046DE6-C3F6-4838-B9E1-2FF67292730E}.ReleaseBuild|MacOS.Build.0 = ReleaseBuild|Any CPU
		{F1046DE6-C3F6-4838-B9E1-2FF67292730E}.ReleaseBuild|Windows.ActiveCfg = ReleaseBuild|Any CPU
		{F1046DE6-C3F6-4838-B9E1-2FF67292730E}.ReleaseBuild|Windows.Build.0 = ReleaseBuild|Any CPU
		{F1046DE6-C3F6-4838-B9E1-2FF67292730E}.ReleaseBuild|x64.ActiveCfg = ReleaseBuild|Any CPU
		{F1046DE6-C3F6-4838-B9E1-2FF67292730E}.ReleaseBuild|x64.Build.0 = ReleaseBuild|Any CPU
		{F1046DE6-C3F6-4838-B9E1-2FF67292730E}.ReleaseBuild|x86.ActiveCfg = ReleaseBuild|Any CPU
		{F1046DE6-C3F6-4838-B9E1-2FF67292730E}.ReleaseBuild|x86.Build.0 = ReleaseBuild|Any CPU
		{99EB89B5-BAB6-47CB-899D-55653FC2B8DC}.Debug|Any CPU.ActiveCfg = Debug|Any CPU
		{99EB89B5-BAB6-47CB-899D-55653FC2B8DC}.Debug|Any CPU.Build.0 = Debug|Any CPU
		{99EB89B5-BAB6-47CB-899D-55653FC2B8DC}.Debug|ARM.ActiveCfg = Debug|Any CPU
		{99EB89B5-BAB6-47CB-899D-55653FC2B8DC}.Debug|ARM.Build.0 = Debug|Any CPU
		{99EB89B5-BAB6-47CB-899D-55653FC2B8DC}.Debug|Linux.ActiveCfg = Debug|Any CPU
		{99EB89B5-BAB6-47CB-899D-55653FC2B8DC}.Debug|Linux.Build.0 = Debug|Any CPU
		{99EB89B5-BAB6-47CB-899D-55653FC2B8DC}.Debug|MacOS.ActiveCfg = Debug|Any CPU
		{99EB89B5-BAB6-47CB-899D-55653FC2B8DC}.Debug|MacOS.Build.0 = Debug|Any CPU
		{99EB89B5-BAB6-47CB-899D-55653FC2B8DC}.Debug|Windows.ActiveCfg = Debug|Any CPU
		{99EB89B5-BAB6-47CB-899D-55653FC2B8DC}.Debug|Windows.Build.0 = Debug|Any CPU
		{99EB89B5-BAB6-47CB-899D-55653FC2B8DC}.Debug|x64.ActiveCfg = Debug|Any CPU
		{99EB89B5-BAB6-47CB-899D-55653FC2B8DC}.Debug|x64.Build.0 = Debug|Any CPU
		{99EB89B5-BAB6-47CB-899D-55653FC2B8DC}.Debug|x86.ActiveCfg = Debug|Any CPU
		{99EB89B5-BAB6-47CB-899D-55653FC2B8DC}.Debug|x86.Build.0 = Debug|Any CPU
		{99EB89B5-BAB6-47CB-899D-55653FC2B8DC}.DebugBuild|Any CPU.ActiveCfg = DebugBuild|Any CPU
		{99EB89B5-BAB6-47CB-899D-55653FC2B8DC}.DebugBuild|Any CPU.Build.0 = DebugBuild|Any CPU
		{99EB89B5-BAB6-47CB-899D-55653FC2B8DC}.DebugBuild|ARM.ActiveCfg = DebugBuild|Any CPU
		{99EB89B5-BAB6-47CB-899D-55653FC2B8DC}.DebugBuild|ARM.Build.0 = DebugBuild|Any CPU
		{99EB89B5-BAB6-47CB-899D-55653FC2B8DC}.DebugBuild|Linux.ActiveCfg = DebugBuild|Any CPU
		{99EB89B5-BAB6-47CB-899D-55653FC2B8DC}.DebugBuild|Linux.Build.0 = DebugBuild|Any CPU
		{99EB89B5-BAB6-47CB-899D-55653FC2B8DC}.DebugBuild|MacOS.ActiveCfg = DebugBuild|Any CPU
		{99EB89B5-BAB6-47CB-899D-55653FC2B8DC}.DebugBuild|MacOS.Build.0 = DebugBuild|Any CPU
		{99EB89B5-BAB6-47CB-899D-55653FC2B8DC}.DebugBuild|Windows.ActiveCfg = DebugBuild|Any CPU
		{99EB89B5-BAB6-47CB-899D-55653FC2B8DC}.DebugBuild|Windows.Build.0 = DebugBuild|Any CPU
		{99EB89B5-BAB6-47CB-899D-55653FC2B8DC}.DebugBuild|x64.ActiveCfg = DebugBuild|Any CPU
		{99EB89B5-BAB6-47CB-899D-55653FC2B8DC}.DebugBuild|x64.Build.0 = DebugBuild|Any CPU
		{99EB89B5-BAB6-47CB-899D-55653FC2B8DC}.DebugBuild|x86.ActiveCfg = DebugBuild|Any CPU
		{99EB89B5-BAB6-47CB-899D-55653FC2B8DC}.DebugBuild|x86.Build.0 = DebugBuild|Any CPU
		{99EB89B5-BAB6-47CB-899D-55653FC2B8DC}.Release|Any CPU.ActiveCfg = Release|Any CPU
		{99EB89B5-BAB6-47CB-899D-55653FC2B8DC}.Release|Any CPU.Build.0 = Release|Any CPU
		{99EB89B5-BAB6-47CB-899D-55653FC2B8DC}.Release|ARM.ActiveCfg = Release|Any CPU
		{99EB89B5-BAB6-47CB-899D-55653FC2B8DC}.Release|ARM.Build.0 = Release|Any CPU
		{99EB89B5-BAB6-47CB-899D-55653FC2B8DC}.Release|Linux.ActiveCfg = Release|Any CPU
		{99EB89B5-BAB6-47CB-899D-55653FC2B8DC}.Release|Linux.Build.0 = Release|Any CPU
		{99EB89B5-BAB6-47CB-899D-55653FC2B8DC}.Release|MacOS.ActiveCfg = Release|Any CPU
		{99EB89B5-BAB6-47CB-899D-55653FC2B8DC}.Release|MacOS.Build.0 = Release|Any CPU
		{99EB89B5-BAB6-47CB-899D-55653FC2B8DC}.Release|Windows.ActiveCfg = Release|Any CPU
		{99EB89B5-BAB6-47CB-899D-55653FC2B8DC}.Release|Windows.Build.0 = Release|Any CPU
		{99EB89B5-BAB6-47CB-899D-55653FC2B8DC}.Release|x64.ActiveCfg = Release|Any CPU
		{99EB89B5-BAB6-47CB-899D-55653FC2B8DC}.Release|x64.Build.0 = Release|Any CPU
		{99EB89B5-BAB6-47CB-899D-55653FC2B8DC}.Release|x86.ActiveCfg = Release|Any CPU
		{99EB89B5-BAB6-47CB-899D-55653FC2B8DC}.Release|x86.Build.0 = Release|Any CPU
		{99EB89B5-BAB6-47CB-899D-55653FC2B8DC}.ReleaseBuild|Any CPU.ActiveCfg = ReleaseBuild|Any CPU
		{99EB89B5-BAB6-47CB-899D-55653FC2B8DC}.ReleaseBuild|Any CPU.Build.0 = ReleaseBuild|Any CPU
		{99EB89B5-BAB6-47CB-899D-55653FC2B8DC}.ReleaseBuild|ARM.ActiveCfg = ReleaseBuild|Any CPU
		{99EB89B5-BAB6-47CB-899D-55653FC2B8DC}.ReleaseBuild|ARM.Build.0 = ReleaseBuild|Any CPU
		{99EB89B5-BAB6-47CB-899D-55653FC2B8DC}.ReleaseBuild|Linux.ActiveCfg = ReleaseBuild|Any CPU
		{99EB89B5-BAB6-47CB-899D-55653FC2B8DC}.ReleaseBuild|Linux.Build.0 = ReleaseBuild|Any CPU
		{99EB89B5-BAB6-47CB-899D-55653FC2B8DC}.ReleaseBuild|MacOS.ActiveCfg = ReleaseBuild|Any CPU
		{99EB89B5-BAB6-47CB-899D-55653FC2B8DC}.ReleaseBuild|MacOS.Build.0 = ReleaseBuild|Any CPU
		{99EB89B5-BAB6-47CB-899D-55653FC2B8DC}.ReleaseBuild|Windows.ActiveCfg = ReleaseBuild|Any CPU
		{99EB89B5-BAB6-47CB-899D-55653FC2B8DC}.ReleaseBuild|Windows.Build.0 = ReleaseBuild|Any CPU
		{99EB89B5-BAB6-47CB-899D-55653FC2B8DC}.ReleaseBuild|x64.ActiveCfg = ReleaseBuild|Any CPU
		{99EB89B5-BAB6-47CB-899D-55653FC2B8DC}.ReleaseBuild|x64.Build.0 = ReleaseBuild|Any CPU
		{99EB89B5-BAB6-47CB-899D-55653FC2B8DC}.ReleaseBuild|x86.ActiveCfg = ReleaseBuild|Any CPU
		{99EB89B5-BAB6-47CB-899D-55653FC2B8DC}.ReleaseBuild|x86.Build.0 = ReleaseBuild|Any CPU
		{3B1C8085-CFD3-4C8F-8B32-891F4E921376}.Debug|Any CPU.ActiveCfg = Debug|Any CPU
		{3B1C8085-CFD3-4C8F-8B32-891F4E921376}.Debug|Any CPU.Build.0 = Debug|Any CPU
		{3B1C8085-CFD3-4C8F-8B32-891F4E921376}.Debug|ARM.ActiveCfg = Debug|Any CPU
		{3B1C8085-CFD3-4C8F-8B32-891F4E921376}.Debug|ARM.Build.0 = Debug|Any CPU
		{3B1C8085-CFD3-4C8F-8B32-891F4E921376}.Debug|Linux.ActiveCfg = Debug|Any CPU
		{3B1C8085-CFD3-4C8F-8B32-891F4E921376}.Debug|Linux.Build.0 = Debug|Any CPU
		{3B1C8085-CFD3-4C8F-8B32-891F4E921376}.Debug|MacOS.ActiveCfg = Debug|Any CPU
		{3B1C8085-CFD3-4C8F-8B32-891F4E921376}.Debug|MacOS.Build.0 = Debug|Any CPU
		{3B1C8085-CFD3-4C8F-8B32-891F4E921376}.Debug|Windows.ActiveCfg = Debug|Any CPU
		{3B1C8085-CFD3-4C8F-8B32-891F4E921376}.Debug|Windows.Build.0 = Debug|Any CPU
		{3B1C8085-CFD3-4C8F-8B32-891F4E921376}.Debug|x64.ActiveCfg = Debug|Any CPU
		{3B1C8085-CFD3-4C8F-8B32-891F4E921376}.Debug|x64.Build.0 = Debug|Any CPU
		{3B1C8085-CFD3-4C8F-8B32-891F4E921376}.Debug|x86.ActiveCfg = Debug|Any CPU
		{3B1C8085-CFD3-4C8F-8B32-891F4E921376}.Debug|x86.Build.0 = Debug|Any CPU
		{3B1C8085-CFD3-4C8F-8B32-891F4E921376}.DebugBuild|Any CPU.ActiveCfg = DebugBuild|Any CPU
		{3B1C8085-CFD3-4C8F-8B32-891F4E921376}.DebugBuild|Any CPU.Build.0 = DebugBuild|Any CPU
		{3B1C8085-CFD3-4C8F-8B32-891F4E921376}.DebugBuild|ARM.ActiveCfg = DebugBuild|Any CPU
		{3B1C8085-CFD3-4C8F-8B32-891F4E921376}.DebugBuild|ARM.Build.0 = DebugBuild|Any CPU
		{3B1C8085-CFD3-4C8F-8B32-891F4E921376}.DebugBuild|Linux.ActiveCfg = DebugBuild|Any CPU
		{3B1C8085-CFD3-4C8F-8B32-891F4E921376}.DebugBuild|Linux.Build.0 = DebugBuild|Any CPU
		{3B1C8085-CFD3-4C8F-8B32-891F4E921376}.DebugBuild|MacOS.ActiveCfg = DebugBuild|Any CPU
		{3B1C8085-CFD3-4C8F-8B32-891F4E921376}.DebugBuild|MacOS.Build.0 = DebugBuild|Any CPU
		{3B1C8085-CFD3-4C8F-8B32-891F4E921376}.DebugBuild|Windows.ActiveCfg = DebugBuild|Any CPU
		{3B1C8085-CFD3-4C8F-8B32-891F4E921376}.DebugBuild|Windows.Build.0 = DebugBuild|Any CPU
		{3B1C8085-CFD3-4C8F-8B32-891F4E921376}.DebugBuild|x64.ActiveCfg = DebugBuild|Any CPU
		{3B1C8085-CFD3-4C8F-8B32-891F4E921376}.DebugBuild|x64.Build.0 = DebugBuild|Any CPU
		{3B1C8085-CFD3-4C8F-8B32-891F4E921376}.DebugBuild|x86.ActiveCfg = DebugBuild|Any CPU
		{3B1C8085-CFD3-4C8F-8B32-891F4E921376}.DebugBuild|x86.Build.0 = DebugBuild|Any CPU
		{3B1C8085-CFD3-4C8F-8B32-891F4E921376}.Release|Any CPU.ActiveCfg = Release|Any CPU
		{3B1C8085-CFD3-4C8F-8B32-891F4E921376}.Release|Any CPU.Build.0 = Release|Any CPU
		{3B1C8085-CFD3-4C8F-8B32-891F4E921376}.Release|ARM.ActiveCfg = Release|Any CPU
		{3B1C8085-CFD3-4C8F-8B32-891F4E921376}.Release|ARM.Build.0 = Release|Any CPU
		{3B1C8085-CFD3-4C8F-8B32-891F4E921376}.Release|Linux.ActiveCfg = Release|Any CPU
		{3B1C8085-CFD3-4C8F-8B32-891F4E921376}.Release|Linux.Build.0 = Release|Any CPU
		{3B1C8085-CFD3-4C8F-8B32-891F4E921376}.Release|MacOS.ActiveCfg = Release|Any CPU
		{3B1C8085-CFD3-4C8F-8B32-891F4E921376}.Release|MacOS.Build.0 = Release|Any CPU
		{3B1C8085-CFD3-4C8F-8B32-891F4E921376}.Release|Windows.ActiveCfg = Release|Any CPU
		{3B1C8085-CFD3-4C8F-8B32-891F4E921376}.Release|Windows.Build.0 = Release|Any CPU
		{3B1C8085-CFD3-4C8F-8B32-891F4E921376}.Release|x64.ActiveCfg = Release|Any CPU
		{3B1C8085-CFD3-4C8F-8B32-891F4E921376}.Release|x64.Build.0 = Release|Any CPU
		{3B1C8085-CFD3-4C8F-8B32-891F4E921376}.Release|x86.ActiveCfg = Release|Any CPU
		{3B1C8085-CFD3-4C8F-8B32-891F4E921376}.Release|x86.Build.0 = Release|Any CPU
		{3B1C8085-CFD3-4C8F-8B32-891F4E921376}.ReleaseBuild|Any CPU.ActiveCfg = ReleaseBuild|Any CPU
		{3B1C8085-CFD3-4C8F-8B32-891F4E921376}.ReleaseBuild|Any CPU.Build.0 = ReleaseBuild|Any CPU
		{3B1C8085-CFD3-4C8F-8B32-891F4E921376}.ReleaseBuild|ARM.ActiveCfg = ReleaseBuild|Any CPU
		{3B1C8085-CFD3-4C8F-8B32-891F4E921376}.ReleaseBuild|ARM.Build.0 = ReleaseBuild|Any CPU
		{3B1C8085-CFD3-4C8F-8B32-891F4E921376}.ReleaseBuild|Linux.ActiveCfg = ReleaseBuild|Any CPU
		{3B1C8085-CFD3-4C8F-8B32-891F4E921376}.ReleaseBuild|Linux.Build.0 = ReleaseBuild|Any CPU
		{3B1C8085-CFD3-4C8F-8B32-891F4E921376}.ReleaseBuild|MacOS.ActiveCfg = ReleaseBuild|Any CPU
		{3B1C8085-CFD3-4C8F-8B32-891F4E921376}.ReleaseBuild|MacOS.Build.0 = ReleaseBuild|Any CPU
		{3B1C8085-CFD3-4C8F-8B32-891F4E921376}.ReleaseBuild|Windows.ActiveCfg = ReleaseBuild|Any CPU
		{3B1C8085-CFD3-4C8F-8B32-891F4E921376}.ReleaseBuild|Windows.Build.0 = ReleaseBuild|Any CPU
		{3B1C8085-CFD3-4C8F-8B32-891F4E921376}.ReleaseBuild|x64.ActiveCfg = ReleaseBuild|Any CPU
		{3B1C8085-CFD3-4C8F-8B32-891F4E921376}.ReleaseBuild|x64.Build.0 = ReleaseBuild|Any CPU
		{3B1C8085-CFD3-4C8F-8B32-891F4E921376}.ReleaseBuild|x86.ActiveCfg = ReleaseBuild|Any CPU
		{3B1C8085-CFD3-4C8F-8B32-891F4E921376}.ReleaseBuild|x86.Build.0 = ReleaseBuild|Any CPU
		{74327CCC-4606-40B8-9587-60E55B1D6A80}.Debug|Any CPU.ActiveCfg = Debug|Any CPU
		{74327CCC-4606-40B8-9587-60E55B1D6A80}.Debug|Any CPU.Build.0 = Debug|Any CPU
		{74327CCC-4606-40B8-9587-60E55B1D6A80}.Debug|ARM.ActiveCfg = Debug|Any CPU
		{74327CCC-4606-40B8-9587-60E55B1D6A80}.Debug|ARM.Build.0 = Debug|Any CPU
		{74327CCC-4606-40B8-9587-60E55B1D6A80}.Debug|Linux.ActiveCfg = Debug|Any CPU
		{74327CCC-4606-40B8-9587-60E55B1D6A80}.Debug|Linux.Build.0 = Debug|Any CPU
		{74327CCC-4606-40B8-9587-60E55B1D6A80}.Debug|MacOS.ActiveCfg = Debug|Any CPU
		{74327CCC-4606-40B8-9587-60E55B1D6A80}.Debug|MacOS.Build.0 = Debug|Any CPU
		{74327CCC-4606-40B8-9587-60E55B1D6A80}.Debug|Windows.ActiveCfg = Debug|Any CPU
		{74327CCC-4606-40B8-9587-60E55B1D6A80}.Debug|Windows.Build.0 = Debug|Any CPU
		{74327CCC-4606-40B8-9587-60E55B1D6A80}.Debug|x64.ActiveCfg = Debug|Any CPU
		{74327CCC-4606-40B8-9587-60E55B1D6A80}.Debug|x64.Build.0 = Debug|Any CPU
		{74327CCC-4606-40B8-9587-60E55B1D6A80}.Debug|x86.ActiveCfg = Debug|Any CPU
		{74327CCC-4606-40B8-9587-60E55B1D6A80}.Debug|x86.Build.0 = Debug|Any CPU
		{74327CCC-4606-40B8-9587-60E55B1D6A80}.DebugBuild|Any CPU.ActiveCfg = DebugBuild|Any CPU
		{74327CCC-4606-40B8-9587-60E55B1D6A80}.DebugBuild|Any CPU.Build.0 = DebugBuild|Any CPU
		{74327CCC-4606-40B8-9587-60E55B1D6A80}.DebugBuild|ARM.ActiveCfg = DebugBuild|Any CPU
		{74327CCC-4606-40B8-9587-60E55B1D6A80}.DebugBuild|ARM.Build.0 = DebugBuild|Any CPU
		{74327CCC-4606-40B8-9587-60E55B1D6A80}.DebugBuild|Linux.ActiveCfg = DebugBuild|Any CPU
		{74327CCC-4606-40B8-9587-60E55B1D6A80}.DebugBuild|Linux.Build.0 = DebugBuild|Any CPU
		{74327CCC-4606-40B8-9587-60E55B1D6A80}.DebugBuild|MacOS.ActiveCfg = DebugBuild|Any CPU
		{74327CCC-4606-40B8-9587-60E55B1D6A80}.DebugBuild|MacOS.Build.0 = DebugBuild|Any CPU
		{74327CCC-4606-40B8-9587-60E55B1D6A80}.DebugBuild|Windows.ActiveCfg = DebugBuild|Any CPU
		{74327CCC-4606-40B8-9587-60E55B1D6A80}.DebugBuild|Windows.Build.0 = DebugBuild|Any CPU
		{74327CCC-4606-40B8-9587-60E55B1D6A80}.DebugBuild|x64.ActiveCfg = DebugBuild|Any CPU
		{74327CCC-4606-40B8-9587-60E55B1D6A80}.DebugBuild|x64.Build.0 = DebugBuild|Any CPU
		{74327CCC-4606-40B8-9587-60E55B1D6A80}.DebugBuild|x86.ActiveCfg = DebugBuild|Any CPU
		{74327CCC-4606-40B8-9587-60E55B1D6A80}.DebugBuild|x86.Build.0 = DebugBuild|Any CPU
		{74327CCC-4606-40B8-9587-60E55B1D6A80}.Release|Any CPU.ActiveCfg = Release|Any CPU
		{74327CCC-4606-40B8-9587-60E55B1D6A80}.Release|Any CPU.Build.0 = Release|Any CPU
		{74327CCC-4606-40B8-9587-60E55B1D6A80}.Release|ARM.ActiveCfg = Release|Any CPU
		{74327CCC-4606-40B8-9587-60E55B1D6A80}.Release|ARM.Build.0 = Release|Any CPU
		{74327CCC-4606-40B8-9587-60E55B1D6A80}.Release|Linux.ActiveCfg = Release|Any CPU
		{74327CCC-4606-40B8-9587-60E55B1D6A80}.Release|Linux.Build.0 = Release|Any CPU
		{74327CCC-4606-40B8-9587-60E55B1D6A80}.Release|MacOS.ActiveCfg = Release|Any CPU
		{74327CCC-4606-40B8-9587-60E55B1D6A80}.Release|MacOS.Build.0 = Release|Any CPU
		{74327CCC-4606-40B8-9587-60E55B1D6A80}.Release|Windows.ActiveCfg = Release|Any CPU
		{74327CCC-4606-40B8-9587-60E55B1D6A80}.Release|Windows.Build.0 = Release|Any CPU
		{74327CCC-4606-40B8-9587-60E55B1D6A80}.Release|x64.ActiveCfg = Release|Any CPU
		{74327CCC-4606-40B8-9587-60E55B1D6A80}.Release|x64.Build.0 = Release|Any CPU
		{74327CCC-4606-40B8-9587-60E55B1D6A80}.Release|x86.ActiveCfg = Release|Any CPU
		{74327CCC-4606-40B8-9587-60E55B1D6A80}.Release|x86.Build.0 = Release|Any CPU
		{74327CCC-4606-40B8-9587-60E55B1D6A80}.ReleaseBuild|Any CPU.ActiveCfg = ReleaseBuild|Any CPU
		{74327CCC-4606-40B8-9587-60E55B1D6A80}.ReleaseBuild|Any CPU.Build.0 = ReleaseBuild|Any CPU
		{74327CCC-4606-40B8-9587-60E55B1D6A80}.ReleaseBuild|ARM.ActiveCfg = ReleaseBuild|Any CPU
		{74327CCC-4606-40B8-9587-60E55B1D6A80}.ReleaseBuild|ARM.Build.0 = ReleaseBuild|Any CPU
		{74327CCC-4606-40B8-9587-60E55B1D6A80}.ReleaseBuild|Linux.ActiveCfg = ReleaseBuild|Any CPU
		{74327CCC-4606-40B8-9587-60E55B1D6A80}.ReleaseBuild|Linux.Build.0 = ReleaseBuild|Any CPU
		{74327CCC-4606-40B8-9587-60E55B1D6A80}.ReleaseBuild|MacOS.ActiveCfg = ReleaseBuild|Any CPU
		{74327CCC-4606-40B8-9587-60E55B1D6A80}.ReleaseBuild|MacOS.Build.0 = ReleaseBuild|Any CPU
		{74327CCC-4606-40B8-9587-60E55B1D6A80}.ReleaseBuild|Windows.ActiveCfg = ReleaseBuild|Any CPU
		{74327CCC-4606-40B8-9587-60E55B1D6A80}.ReleaseBuild|Windows.Build.0 = ReleaseBuild|Any CPU
		{74327CCC-4606-40B8-9587-60E55B1D6A80}.ReleaseBuild|x64.ActiveCfg = ReleaseBuild|Any CPU
		{74327CCC-4606-40B8-9587-60E55B1D6A80}.ReleaseBuild|x64.Build.0 = ReleaseBuild|Any CPU
		{74327CCC-4606-40B8-9587-60E55B1D6A80}.ReleaseBuild|x86.ActiveCfg = ReleaseBuild|Any CPU
		{74327CCC-4606-40B8-9587-60E55B1D6A80}.ReleaseBuild|x86.Build.0 = ReleaseBuild|Any CPU
		{664E8FDF-7382-49C5-ABE7-6186A5414FE4}.Debug|Any CPU.ActiveCfg = Debug|Any CPU
		{664E8FDF-7382-49C5-ABE7-6186A5414FE4}.Debug|Any CPU.Build.0 = Debug|Any CPU
		{664E8FDF-7382-49C5-ABE7-6186A5414FE4}.Debug|ARM.ActiveCfg = Debug|Any CPU
		{664E8FDF-7382-49C5-ABE7-6186A5414FE4}.Debug|ARM.Build.0 = Debug|Any CPU
		{664E8FDF-7382-49C5-ABE7-6186A5414FE4}.Debug|Linux.ActiveCfg = Debug|Any CPU
		{664E8FDF-7382-49C5-ABE7-6186A5414FE4}.Debug|Linux.Build.0 = Debug|Any CPU
		{664E8FDF-7382-49C5-ABE7-6186A5414FE4}.Debug|MacOS.ActiveCfg = Debug|Any CPU
		{664E8FDF-7382-49C5-ABE7-6186A5414FE4}.Debug|MacOS.Build.0 = Debug|Any CPU
		{664E8FDF-7382-49C5-ABE7-6186A5414FE4}.Debug|Windows.ActiveCfg = Debug|Any CPU
		{664E8FDF-7382-49C5-ABE7-6186A5414FE4}.Debug|Windows.Build.0 = Debug|Any CPU
		{664E8FDF-7382-49C5-ABE7-6186A5414FE4}.Debug|x64.ActiveCfg = Debug|Any CPU
		{664E8FDF-7382-49C5-ABE7-6186A5414FE4}.Debug|x64.Build.0 = Debug|Any CPU
		{664E8FDF-7382-49C5-ABE7-6186A5414FE4}.Debug|x86.ActiveCfg = Debug|Any CPU
		{664E8FDF-7382-49C5-ABE7-6186A5414FE4}.Debug|x86.Build.0 = Debug|Any CPU
		{664E8FDF-7382-49C5-ABE7-6186A5414FE4}.DebugBuild|Any CPU.ActiveCfg = Debug|Any CPU
		{664E8FDF-7382-49C5-ABE7-6186A5414FE4}.DebugBuild|Any CPU.Build.0 = Debug|Any CPU
		{664E8FDF-7382-49C5-ABE7-6186A5414FE4}.DebugBuild|ARM.ActiveCfg = Debug|Any CPU
		{664E8FDF-7382-49C5-ABE7-6186A5414FE4}.DebugBuild|ARM.Build.0 = Debug|Any CPU
		{664E8FDF-7382-49C5-ABE7-6186A5414FE4}.DebugBuild|Linux.ActiveCfg = Debug|Any CPU
		{664E8FDF-7382-49C5-ABE7-6186A5414FE4}.DebugBuild|Linux.Build.0 = Debug|Any CPU
		{664E8FDF-7382-49C5-ABE7-6186A5414FE4}.DebugBuild|MacOS.ActiveCfg = Debug|Any CPU
		{664E8FDF-7382-49C5-ABE7-6186A5414FE4}.DebugBuild|MacOS.Build.0 = Debug|Any CPU
		{664E8FDF-7382-49C5-ABE7-6186A5414FE4}.DebugBuild|Windows.ActiveCfg = Debug|Any CPU
		{664E8FDF-7382-49C5-ABE7-6186A5414FE4}.DebugBuild|Windows.Build.0 = Debug|Any CPU
		{664E8FDF-7382-49C5-ABE7-6186A5414FE4}.DebugBuild|x64.ActiveCfg = Debug|Any CPU
		{664E8FDF-7382-49C5-ABE7-6186A5414FE4}.DebugBuild|x64.Build.0 = Debug|Any CPU
		{664E8FDF-7382-49C5-ABE7-6186A5414FE4}.DebugBuild|x86.ActiveCfg = Debug|Any CPU
		{664E8FDF-7382-49C5-ABE7-6186A5414FE4}.DebugBuild|x86.Build.0 = Debug|Any CPU
		{664E8FDF-7382-49C5-ABE7-6186A5414FE4}.Release|Any CPU.ActiveCfg = Release|Any CPU
		{664E8FDF-7382-49C5-ABE7-6186A5414FE4}.Release|Any CPU.Build.0 = Release|Any CPU
		{664E8FDF-7382-49C5-ABE7-6186A5414FE4}.Release|ARM.ActiveCfg = Release|Any CPU
		{664E8FDF-7382-49C5-ABE7-6186A5414FE4}.Release|ARM.Build.0 = Release|Any CPU
		{664E8FDF-7382-49C5-ABE7-6186A5414FE4}.Release|Linux.ActiveCfg = Release|Any CPU
		{664E8FDF-7382-49C5-ABE7-6186A5414FE4}.Release|Linux.Build.0 = Release|Any CPU
		{664E8FDF-7382-49C5-ABE7-6186A5414FE4}.Release|MacOS.ActiveCfg = Release|Any CPU
		{664E8FDF-7382-49C5-ABE7-6186A5414FE4}.Release|MacOS.Build.0 = Release|Any CPU
		{664E8FDF-7382-49C5-ABE7-6186A5414FE4}.Release|Windows.ActiveCfg = Release|Any CPU
		{664E8FDF-7382-49C5-ABE7-6186A5414FE4}.Release|Windows.Build.0 = Release|Any CPU
		{664E8FDF-7382-49C5-ABE7-6186A5414FE4}.Release|x64.ActiveCfg = Release|Any CPU
		{664E8FDF-7382-49C5-ABE7-6186A5414FE4}.Release|x64.Build.0 = Release|Any CPU
		{664E8FDF-7382-49C5-ABE7-6186A5414FE4}.Release|x86.ActiveCfg = Release|Any CPU
		{664E8FDF-7382-49C5-ABE7-6186A5414FE4}.Release|x86.Build.0 = Release|Any CPU
		{664E8FDF-7382-49C5-ABE7-6186A5414FE4}.ReleaseBuild|Any CPU.ActiveCfg = Release|Any CPU
		{664E8FDF-7382-49C5-ABE7-6186A5414FE4}.ReleaseBuild|Any CPU.Build.0 = Release|Any CPU
		{664E8FDF-7382-49C5-ABE7-6186A5414FE4}.ReleaseBuild|ARM.ActiveCfg = Release|Any CPU
		{664E8FDF-7382-49C5-ABE7-6186A5414FE4}.ReleaseBuild|ARM.Build.0 = Release|Any CPU
		{664E8FDF-7382-49C5-ABE7-6186A5414FE4}.ReleaseBuild|Linux.ActiveCfg = Release|Any CPU
		{664E8FDF-7382-49C5-ABE7-6186A5414FE4}.ReleaseBuild|Linux.Build.0 = Release|Any CPU
		{664E8FDF-7382-49C5-ABE7-6186A5414FE4}.ReleaseBuild|MacOS.ActiveCfg = Release|Any CPU
		{664E8FDF-7382-49C5-ABE7-6186A5414FE4}.ReleaseBuild|MacOS.Build.0 = Release|Any CPU
		{664E8FDF-7382-49C5-ABE7-6186A5414FE4}.ReleaseBuild|Windows.ActiveCfg = Release|Any CPU
		{664E8FDF-7382-49C5-ABE7-6186A5414FE4}.ReleaseBuild|Windows.Build.0 = Release|Any CPU
		{664E8FDF-7382-49C5-ABE7-6186A5414FE4}.ReleaseBuild|x64.ActiveCfg = Release|Any CPU
		{664E8FDF-7382-49C5-ABE7-6186A5414FE4}.ReleaseBuild|x64.Build.0 = Release|Any CPU
		{664E8FDF-7382-49C5-ABE7-6186A5414FE4}.ReleaseBuild|x86.ActiveCfg = Release|Any CPU
		{664E8FDF-7382-49C5-ABE7-6186A5414FE4}.ReleaseBuild|x86.Build.0 = Release|Any CPU
		{F1C9CE5E-C86B-479B-B3DC-C38DA5F7247C}.Debug|Any CPU.ActiveCfg = Debug|x86
		{F1C9CE5E-C86B-479B-B3DC-C38DA5F7247C}.Debug|ARM.ActiveCfg = Debug|ARM
		{F1C9CE5E-C86B-479B-B3DC-C38DA5F7247C}.Debug|ARM.Build.0 = Debug|ARM
		{F1C9CE5E-C86B-479B-B3DC-C38DA5F7247C}.Debug|ARM.Deploy.0 = Debug|ARM
		{F1C9CE5E-C86B-479B-B3DC-C38DA5F7247C}.Debug|Linux.ActiveCfg = Debug|x86
		{F1C9CE5E-C86B-479B-B3DC-C38DA5F7247C}.Debug|MacOS.ActiveCfg = Debug|x86
		{F1C9CE5E-C86B-479B-B3DC-C38DA5F7247C}.Debug|Windows.ActiveCfg = Debug|x86
		{F1C9CE5E-C86B-479B-B3DC-C38DA5F7247C}.Debug|x64.ActiveCfg = Debug|x64
		{F1C9CE5E-C86B-479B-B3DC-C38DA5F7247C}.Debug|x64.Build.0 = Debug|x64
		{F1C9CE5E-C86B-479B-B3DC-C38DA5F7247C}.Debug|x64.Deploy.0 = Debug|x64
		{F1C9CE5E-C86B-479B-B3DC-C38DA5F7247C}.Debug|x86.ActiveCfg = Debug|x86
		{F1C9CE5E-C86B-479B-B3DC-C38DA5F7247C}.Debug|x86.Build.0 = Debug|x86
		{F1C9CE5E-C86B-479B-B3DC-C38DA5F7247C}.Debug|x86.Deploy.0 = Debug|x86
		{F1C9CE5E-C86B-479B-B3DC-C38DA5F7247C}.DebugBuild|Any CPU.ActiveCfg = Release|x64
		{F1C9CE5E-C86B-479B-B3DC-C38DA5F7247C}.DebugBuild|Any CPU.Build.0 = Release|x64
		{F1C9CE5E-C86B-479B-B3DC-C38DA5F7247C}.DebugBuild|Any CPU.Deploy.0 = Release|x64
		{F1C9CE5E-C86B-479B-B3DC-C38DA5F7247C}.DebugBuild|ARM.ActiveCfg = Debug|ARM
		{F1C9CE5E-C86B-479B-B3DC-C38DA5F7247C}.DebugBuild|ARM.Build.0 = Debug|ARM
		{F1C9CE5E-C86B-479B-B3DC-C38DA5F7247C}.DebugBuild|ARM.Deploy.0 = Debug|ARM
		{F1C9CE5E-C86B-479B-B3DC-C38DA5F7247C}.DebugBuild|Linux.ActiveCfg = Release|x64
		{F1C9CE5E-C86B-479B-B3DC-C38DA5F7247C}.DebugBuild|Linux.Build.0 = Release|x64
		{F1C9CE5E-C86B-479B-B3DC-C38DA5F7247C}.DebugBuild|Linux.Deploy.0 = Release|x64
		{F1C9CE5E-C86B-479B-B3DC-C38DA5F7247C}.DebugBuild|MacOS.ActiveCfg = Release|x64
		{F1C9CE5E-C86B-479B-B3DC-C38DA5F7247C}.DebugBuild|MacOS.Build.0 = Release|x64
		{F1C9CE5E-C86B-479B-B3DC-C38DA5F7247C}.DebugBuild|MacOS.Deploy.0 = Release|x64
		{F1C9CE5E-C86B-479B-B3DC-C38DA5F7247C}.DebugBuild|Windows.ActiveCfg = Release|x64
		{F1C9CE5E-C86B-479B-B3DC-C38DA5F7247C}.DebugBuild|Windows.Build.0 = Release|x64
		{F1C9CE5E-C86B-479B-B3DC-C38DA5F7247C}.DebugBuild|Windows.Deploy.0 = Release|x64
		{F1C9CE5E-C86B-479B-B3DC-C38DA5F7247C}.DebugBuild|x64.ActiveCfg = Debug|x64
		{F1C9CE5E-C86B-479B-B3DC-C38DA5F7247C}.DebugBuild|x64.Build.0 = Debug|x64
		{F1C9CE5E-C86B-479B-B3DC-C38DA5F7247C}.DebugBuild|x64.Deploy.0 = Debug|x64
		{F1C9CE5E-C86B-479B-B3DC-C38DA5F7247C}.DebugBuild|x86.ActiveCfg = Debug|x86
		{F1C9CE5E-C86B-479B-B3DC-C38DA5F7247C}.DebugBuild|x86.Build.0 = Debug|x86
		{F1C9CE5E-C86B-479B-B3DC-C38DA5F7247C}.DebugBuild|x86.Deploy.0 = Debug|x86
		{F1C9CE5E-C86B-479B-B3DC-C38DA5F7247C}.Release|Any CPU.ActiveCfg = Release|x86
		{F1C9CE5E-C86B-479B-B3DC-C38DA5F7247C}.Release|ARM.ActiveCfg = Release|ARM
		{F1C9CE5E-C86B-479B-B3DC-C38DA5F7247C}.Release|ARM.Build.0 = Release|ARM
		{F1C9CE5E-C86B-479B-B3DC-C38DA5F7247C}.Release|ARM.Deploy.0 = Release|ARM
		{F1C9CE5E-C86B-479B-B3DC-C38DA5F7247C}.Release|Linux.ActiveCfg = Release|x86
		{F1C9CE5E-C86B-479B-B3DC-C38DA5F7247C}.Release|MacOS.ActiveCfg = Release|x86
		{F1C9CE5E-C86B-479B-B3DC-C38DA5F7247C}.Release|Windows.ActiveCfg = Release|x86
		{F1C9CE5E-C86B-479B-B3DC-C38DA5F7247C}.Release|x64.ActiveCfg = Release|x64
		{F1C9CE5E-C86B-479B-B3DC-C38DA5F7247C}.Release|x64.Build.0 = Release|x64
		{F1C9CE5E-C86B-479B-B3DC-C38DA5F7247C}.Release|x64.Deploy.0 = Release|x64
		{F1C9CE5E-C86B-479B-B3DC-C38DA5F7247C}.Release|x86.ActiveCfg = Release|x86
		{F1C9CE5E-C86B-479B-B3DC-C38DA5F7247C}.Release|x86.Build.0 = Release|x86
		{F1C9CE5E-C86B-479B-B3DC-C38DA5F7247C}.Release|x86.Deploy.0 = Release|x86
		{F1C9CE5E-C86B-479B-B3DC-C38DA5F7247C}.ReleaseBuild|Any CPU.ActiveCfg = Release|x64
		{F1C9CE5E-C86B-479B-B3DC-C38DA5F7247C}.ReleaseBuild|Any CPU.Build.0 = Release|x64
		{F1C9CE5E-C86B-479B-B3DC-C38DA5F7247C}.ReleaseBuild|Any CPU.Deploy.0 = Release|x64
		{F1C9CE5E-C86B-479B-B3DC-C38DA5F7247C}.ReleaseBuild|ARM.ActiveCfg = Release|ARM
		{F1C9CE5E-C86B-479B-B3DC-C38DA5F7247C}.ReleaseBuild|ARM.Build.0 = Release|ARM
		{F1C9CE5E-C86B-479B-B3DC-C38DA5F7247C}.ReleaseBuild|ARM.Deploy.0 = Release|ARM
		{F1C9CE5E-C86B-479B-B3DC-C38DA5F7247C}.ReleaseBuild|Linux.ActiveCfg = Release|x64
		{F1C9CE5E-C86B-479B-B3DC-C38DA5F7247C}.ReleaseBuild|Linux.Build.0 = Release|x64
		{F1C9CE5E-C86B-479B-B3DC-C38DA5F7247C}.ReleaseBuild|Linux.Deploy.0 = Release|x64
		{F1C9CE5E-C86B-479B-B3DC-C38DA5F7247C}.ReleaseBuild|MacOS.ActiveCfg = Release|x64
		{F1C9CE5E-C86B-479B-B3DC-C38DA5F7247C}.ReleaseBuild|MacOS.Build.0 = Release|x64
		{F1C9CE5E-C86B-479B-B3DC-C38DA5F7247C}.ReleaseBuild|MacOS.Deploy.0 = Release|x64
		{F1C9CE5E-C86B-479B-B3DC-C38DA5F7247C}.ReleaseBuild|Windows.ActiveCfg = Release|x64
		{F1C9CE5E-C86B-479B-B3DC-C38DA5F7247C}.ReleaseBuild|Windows.Build.0 = Release|x64
		{F1C9CE5E-C86B-479B-B3DC-C38DA5F7247C}.ReleaseBuild|Windows.Deploy.0 = Release|x64
		{F1C9CE5E-C86B-479B-B3DC-C38DA5F7247C}.ReleaseBuild|x64.ActiveCfg = Release|x64
		{F1C9CE5E-C86B-479B-B3DC-C38DA5F7247C}.ReleaseBuild|x64.Build.0 = Release|x64
		{F1C9CE5E-C86B-479B-B3DC-C38DA5F7247C}.ReleaseBuild|x64.Deploy.0 = Release|x64
		{F1C9CE5E-C86B-479B-B3DC-C38DA5F7247C}.ReleaseBuild|x86.ActiveCfg = Release|x86
		{F1C9CE5E-C86B-479B-B3DC-C38DA5F7247C}.ReleaseBuild|x86.Build.0 = Release|x86
		{F1C9CE5E-C86B-479B-B3DC-C38DA5F7247C}.ReleaseBuild|x86.Deploy.0 = Release|x86
		{96943F0C-10D9-48EC-A84A-AD4EFF6EEB79}.Debug|Any CPU.ActiveCfg = Debug|Any CPU
		{96943F0C-10D9-48EC-A84A-AD4EFF6EEB79}.Debug|Any CPU.Build.0 = Debug|Any CPU
		{96943F0C-10D9-48EC-A84A-AD4EFF6EEB79}.Debug|ARM.ActiveCfg = Debug|ARM
		{96943F0C-10D9-48EC-A84A-AD4EFF6EEB79}.Debug|ARM.Build.0 = Debug|ARM
		{96943F0C-10D9-48EC-A84A-AD4EFF6EEB79}.Debug|Linux.ActiveCfg = Debug|Any CPU
		{96943F0C-10D9-48EC-A84A-AD4EFF6EEB79}.Debug|Linux.Build.0 = Debug|Any CPU
		{96943F0C-10D9-48EC-A84A-AD4EFF6EEB79}.Debug|MacOS.ActiveCfg = Debug|Any CPU
		{96943F0C-10D9-48EC-A84A-AD4EFF6EEB79}.Debug|MacOS.Build.0 = Debug|Any CPU
		{96943F0C-10D9-48EC-A84A-AD4EFF6EEB79}.Debug|Windows.ActiveCfg = Debug|Any CPU
		{96943F0C-10D9-48EC-A84A-AD4EFF6EEB79}.Debug|Windows.Build.0 = Debug|Any CPU
		{96943F0C-10D9-48EC-A84A-AD4EFF6EEB79}.Debug|x64.ActiveCfg = Debug|x64
		{96943F0C-10D9-48EC-A84A-AD4EFF6EEB79}.Debug|x64.Build.0 = Debug|x64
		{96943F0C-10D9-48EC-A84A-AD4EFF6EEB79}.Debug|x86.ActiveCfg = Debug|x86
		{96943F0C-10D9-48EC-A84A-AD4EFF6EEB79}.Debug|x86.Build.0 = Debug|x86
		{96943F0C-10D9-48EC-A84A-AD4EFF6EEB79}.DebugBuild|Any CPU.ActiveCfg = Debug|Any CPU
		{96943F0C-10D9-48EC-A84A-AD4EFF6EEB79}.DebugBuild|Any CPU.Build.0 = Debug|Any CPU
		{96943F0C-10D9-48EC-A84A-AD4EFF6EEB79}.DebugBuild|ARM.ActiveCfg = Debug|ARM
		{96943F0C-10D9-48EC-A84A-AD4EFF6EEB79}.DebugBuild|ARM.Build.0 = Debug|ARM
		{96943F0C-10D9-48EC-A84A-AD4EFF6EEB79}.DebugBuild|Linux.ActiveCfg = Debug|Any CPU
		{96943F0C-10D9-48EC-A84A-AD4EFF6EEB79}.DebugBuild|Linux.Build.0 = Debug|Any CPU
		{96943F0C-10D9-48EC-A84A-AD4EFF6EEB79}.DebugBuild|MacOS.ActiveCfg = Debug|Any CPU
		{96943F0C-10D9-48EC-A84A-AD4EFF6EEB79}.DebugBuild|MacOS.Build.0 = Debug|Any CPU
		{96943F0C-10D9-48EC-A84A-AD4EFF6EEB79}.DebugBuild|Windows.ActiveCfg = Debug|Any CPU
		{96943F0C-10D9-48EC-A84A-AD4EFF6EEB79}.DebugBuild|Windows.Build.0 = Debug|Any CPU
		{96943F0C-10D9-48EC-A84A-AD4EFF6EEB79}.DebugBuild|x64.ActiveCfg = Debug|x64
		{96943F0C-10D9-48EC-A84A-AD4EFF6EEB79}.DebugBuild|x64.Build.0 = Debug|x64
		{96943F0C-10D9-48EC-A84A-AD4EFF6EEB79}.DebugBuild|x86.ActiveCfg = Debug|x86
		{96943F0C-10D9-48EC-A84A-AD4EFF6EEB79}.DebugBuild|x86.Build.0 = Debug|x86
		{96943F0C-10D9-48EC-A84A-AD4EFF6EEB79}.Release|Any CPU.ActiveCfg = Release|Any CPU
		{96943F0C-10D9-48EC-A84A-AD4EFF6EEB79}.Release|Any CPU.Build.0 = Release|Any CPU
		{96943F0C-10D9-48EC-A84A-AD4EFF6EEB79}.Release|ARM.ActiveCfg = Release|ARM
		{96943F0C-10D9-48EC-A84A-AD4EFF6EEB79}.Release|ARM.Build.0 = Release|ARM
		{96943F0C-10D9-48EC-A84A-AD4EFF6EEB79}.Release|Linux.ActiveCfg = Release|Any CPU
		{96943F0C-10D9-48EC-A84A-AD4EFF6EEB79}.Release|Linux.Build.0 = Release|Any CPU
		{96943F0C-10D9-48EC-A84A-AD4EFF6EEB79}.Release|MacOS.ActiveCfg = Release|Any CPU
		{96943F0C-10D9-48EC-A84A-AD4EFF6EEB79}.Release|MacOS.Build.0 = Release|Any CPU
		{96943F0C-10D9-48EC-A84A-AD4EFF6EEB79}.Release|Windows.ActiveCfg = Release|Any CPU
		{96943F0C-10D9-48EC-A84A-AD4EFF6EEB79}.Release|Windows.Build.0 = Release|Any CPU
		{96943F0C-10D9-48EC-A84A-AD4EFF6EEB79}.Release|x64.ActiveCfg = Release|x64
		{96943F0C-10D9-48EC-A84A-AD4EFF6EEB79}.Release|x64.Build.0 = Release|x64
		{96943F0C-10D9-48EC-A84A-AD4EFF6EEB79}.Release|x86.ActiveCfg = Release|x86
		{96943F0C-10D9-48EC-A84A-AD4EFF6EEB79}.Release|x86.Build.0 = Release|x86
		{96943F0C-10D9-48EC-A84A-AD4EFF6EEB79}.ReleaseBuild|Any CPU.ActiveCfg = Release|Any CPU
		{96943F0C-10D9-48EC-A84A-AD4EFF6EEB79}.ReleaseBuild|Any CPU.Build.0 = Release|Any CPU
		{96943F0C-10D9-48EC-A84A-AD4EFF6EEB79}.ReleaseBuild|ARM.ActiveCfg = Release|ARM
		{96943F0C-10D9-48EC-A84A-AD4EFF6EEB79}.ReleaseBuild|ARM.Build.0 = Release|ARM
		{96943F0C-10D9-48EC-A84A-AD4EFF6EEB79}.ReleaseBuild|Linux.ActiveCfg = Release|Any CPU
		{96943F0C-10D9-48EC-A84A-AD4EFF6EEB79}.ReleaseBuild|Linux.Build.0 = Release|Any CPU
		{96943F0C-10D9-48EC-A84A-AD4EFF6EEB79}.ReleaseBuild|MacOS.ActiveCfg = Release|Any CPU
		{96943F0C-10D9-48EC-A84A-AD4EFF6EEB79}.ReleaseBuild|MacOS.Build.0 = Release|Any CPU
		{96943F0C-10D9-48EC-A84A-AD4EFF6EEB79}.ReleaseBuild|Windows.ActiveCfg = Release|Any CPU
		{96943F0C-10D9-48EC-A84A-AD4EFF6EEB79}.ReleaseBuild|Windows.Build.0 = Release|Any CPU
		{96943F0C-10D9-48EC-A84A-AD4EFF6EEB79}.ReleaseBuild|x64.ActiveCfg = Release|x64
		{96943F0C-10D9-48EC-A84A-AD4EFF6EEB79}.ReleaseBuild|x64.Build.0 = Release|x64
		{96943F0C-10D9-48EC-A84A-AD4EFF6EEB79}.ReleaseBuild|x86.ActiveCfg = Release|x86
		{96943F0C-10D9-48EC-A84A-AD4EFF6EEB79}.ReleaseBuild|x86.Build.0 = Release|x86
	EndGlobalSection
	GlobalSection(SolutionProperties) = preSolution
		HideSolutionNode = FALSE
	EndGlobalSection
	GlobalSection(NestedProjects) = preSolution
		{E37CC7AB-090B-410B-8017-3DC57780FA8E} = {CFB2D176-40FA-4D97-80ED-2C43B3552E68}
		{B033AC07-53C2-4F0B-B6B1-812EB7D36CCC} = {8DE41EC4-BEFD-4837-B2B1-352A66ABDF75}
		{4A49FF3D-25BC-49EF-AC19-970B4C95C5D2} = {8DE41EC4-BEFD-4837-B2B1-352A66ABDF75}
		{7A8507B4-DB2C-453E-A72B-2384175BDFF1} = {4A49FF3D-25BC-49EF-AC19-970B4C95C5D2}
		{F1046DE6-C3F6-4838-B9E1-2FF67292730E} = {4A49FF3D-25BC-49EF-AC19-970B4C95C5D2}
		{695BDDEB-51D5-486E-84F4-9031786775B7} = {8DE41EC4-BEFD-4837-B2B1-352A66ABDF75}
		{BD5D2B21-2CD6-448D-ACD7-5B90DA247250} = {695BDDEB-51D5-486E-84F4-9031786775B7}
		{99EB89B5-BAB6-47CB-899D-55653FC2B8DC} = {695BDDEB-51D5-486E-84F4-9031786775B7}
		{DC197B17-EB75-437F-BFE2-10DD8F813B20} = {8DE41EC4-BEFD-4837-B2B1-352A66ABDF75}
		{3B1C8085-CFD3-4C8F-8B32-891F4E921376} = {DC197B17-EB75-437F-BFE2-10DD8F813B20}
		{5FE599B4-4B47-46E7-931B-B01C2CAE40D4} = {4EACED7C-3BF4-488D-813F-7D481122A21C}
		{25C2DBD3-8AC1-4163-A29A-A7F756FA4A5F} = {4EACED7C-3BF4-488D-813F-7D481122A21C}
		{00CC441C-44BB-4B15-BABD-6831B65C31D8} = {4EACED7C-3BF4-488D-813F-7D481122A21C}
		{BDDF43CD-1BDE-472A-A3D9-A003A6BF14D9} = {4EACED7C-3BF4-488D-813F-7D481122A21C}
		{B41A356C-4BA6-40CC-AC03-0E5D46B0B981} = {B033AC07-53C2-4F0B-B6B1-812EB7D36CCC}
		{74327CCC-4606-40B8-9587-60E55B1D6A80} = {B033AC07-53C2-4F0B-B6B1-812EB7D36CCC}
		{E4F1F217-99D8-4A19-B19E-AEC2B08D0C1C} = {8DE41EC4-BEFD-4837-B2B1-352A66ABDF75}
		{664E8FDF-7382-49C5-ABE7-6186A5414FE4} = {E4F1F217-99D8-4A19-B19E-AEC2B08D0C1C}
		{F1C9CE5E-C86B-479B-B3DC-C38DA5F7247C} = {8DE41EC4-BEFD-4837-B2B1-352A66ABDF75}
		{96943F0C-10D9-48EC-A84A-AD4EFF6EEB79} = {E37CC7AB-090B-410B-8017-3DC57780FA8E}
	EndGlobalSection
EndGlobal
